
Microsoft Visual Studio Solution File, Format Version 12.00
Project("{FAE04EC0-301F-11D3-BF4B-00C04F79EFBC}") = "TestWork.Vegastar", "TestWork.Vegastar\TestWork.Vegastar.csproj", "{68A30565-B3D7-4A8E-94EA-3BA7F19B9217}"
EndProject
Global
	GlobalSection(SolutionConfigurationPlatforms) = preSolution
		Debug|Any CPU = Debug|Any CPU
		Release|Any CPU = Release|Any CPU
	EndGlobalSection
	GlobalSection(ProjectConfigurationPlatforms) = postSolution
		{68A30565-B3D7-4A8E-94EA-3BA7F19B9217}.Debug|Any CPU.ActiveCfg = Debug|Any CPU
		{68A30565-B3D7-4A8E-94EA-3BA7F19B9217}.Debug|Any CPU.Build.0 = Debug|Any CPU
		{68A30565-B3D7-4A8E-94EA-3BA7F19B9217}.Release|Any CPU.ActiveCfg = Release|Any CPU
		{68A30565-B3D7-4A8E-94EA-3BA7F19B9217}.Release|Any CPU.Build.0 = Release|Any CPU
	EndGlobalSection
EndGlobal
